
Microsoft Visual Studio Solution File, Format Version 12.00
# Visual Studio Version 17
VisualStudioVersion = 17.2.32516.85
MinimumVisualStudioVersion = 10.0.40219.1
Project("{FAE04EC0-301F-11D3-BF4B-00C04F79EFBC}") = "AppiumWindowsDesktopAppSummator", "AppiumWindowsDesktopAppSummator\AppiumWindowsDesktopAppSummator.csproj", "{8D3103A7-73B1-430F-81A4-637BE9B7C682}"
EndProject
Global
	GlobalSection(SolutionConfigurationPlatforms) = preSolution
		Debug|Any CPU = Debug|Any CPU
		Release|Any CPU = Release|Any CPU
	EndGlobalSection
	GlobalSection(ProjectConfigurationPlatforms) = postSolution
		{8D3103A7-73B1-430F-81A4-637BE9B7C682}.Debug|Any CPU.ActiveCfg = Debug|Any CPU
		{8D3103A7-73B1-430F-81A4-637BE9B7C682}.Debug|Any CPU.Build.0 = Debug|Any CPU
		{8D3103A7-73B1-430F-81A4-637BE9B7C682}.Release|Any CPU.ActiveCfg = Release|Any CPU
		{8D3103A7-73B1-430F-81A4-637BE9B7C682}.Release|Any CPU.Build.0 = Release|Any CPU
	EndGlobalSection
	GlobalSection(SolutionProperties) = preSolution
		HideSolutionNode = FALSE
	EndGlobalSection
	GlobalSection(ExtensibilityGlobals) = postSolution
		SolutionGuid = {D61BE4F3-F44B-4913-A99A-F18865037267}
	EndGlobalSection
EndGlobal
